
Microsoft Visual Studio Solution File, Format Version 12.00
# Visual Studio 15
VisualStudioVersion = 15.0.28307.1231
MinimumVisualStudioVersion = 10.0.40219.1
Project("{FAE04EC0-301F-11D3-BF4B-00C04F79EFBC}") = "gestor-tareas", "gestor-tareas\gestor-tareas.csproj", "{F5501060-FF64-42B2-95DD-616144F16EF5}"
EndProject
Global
	GlobalSection(SolutionConfigurationPlatforms) = preSolution
		Debug|Any CPU = Debug|Any CPU
		Release|Any CPU = Release|Any CPU
	EndGlobalSection
	GlobalSection(ProjectConfigurationPlatforms) = postSolution
		{F5501060-FF64-42B2-95DD-616144F16EF5}.Debug|Any CPU.ActiveCfg = Debug|Any CPU
		{F5501060-FF64-42B2-95DD-616144F16EF5}.Debug|Any CPU.Build.0 = Debug|Any CPU
		{F5501060-FF64-42B2-95DD-616144F16EF5}.Release|Any CPU.ActiveCfg = Release|Any CPU
		{F5501060-FF64-42B2-95DD-616144F16EF5}.Release|Any CPU.Build.0 = Release|Any CPU
	EndGlobalSection
	GlobalSection(SolutionProperties) = preSolution
		HideSolutionNode = FALSE
	EndGlobalSection
	GlobalSection(ExtensibilityGlobals) = postSolution
		SolutionGuid = {390B42B8-FCB4-40DA-BD4D-2EFCB63C4B44}
	EndGlobalSection
EndGlobal
